// !$*UTF8*$!
{
	archiveVersion = 1;
	classes = {
	};
	objectVersion = 77;
	objects = {

/* Begin PBXBuildFile section */
		07B63577FDF07C65ECB1C8F8 /* TrackListView.swift in Sources */ = {isa = PBXBuildFile; fileRef = 0ABCA0BD4B3997AAFAD3B222 /* TrackListView.swift */; };
		12DF0C976BBA60272BE36C0C /* PlayerBar.swift in Sources */ = {isa = PBXBuildFile; fileRef = C80E837723AE8C7766A7C226 /* PlayerBar.swift */; };
		174C7CDED5FCAFF6647A63D9 /* Assets.xcassets in Resources */ = {isa = PBXBuildFile; fileRef = 76BAF3B565A2B4E3EC2BC956 /* Assets.xcassets */; };
		17E0BAB2F9C35F875CAD6ADA /* SpotifyClient.swift in Sources */ = {isa = PBXBuildFile; fileRef = 63B137ABBBF1D05325A8ED16 /* SpotifyClient.swift */; };
		1C824AEBA97FE5D6B3A80EE2 /* ArtistDetailView.swift in Sources */ = {isa = PBXBuildFile; fileRef = A1BABB1701DC20C390270DB2 /* ArtistDetailView.swift */; };
		2E59FDD89A41153EA44A4C6D /* LoginView.swift in Sources */ = {isa = PBXBuildFile; fileRef = DD9151ECFD94AFE44E6F5E27 /* LoginView.swift */; };
		4E19435075ABA8781C392919 /* NanyinCore.swift in Sources */ = {isa = PBXBuildFile; fileRef = 35BBB8602E40346141A75FC2 /* NanyinCore.swift */; };
		546CCAB14C2F7992EBE66196 /* AppModel.swift in Sources */ = {isa = PBXBuildFile; fileRef = 196502AD5E98E680CB17BD1E /* AppModel.swift */; };
		5682C32BA41F5DA9D173E728 /* QueueView.swift in Sources */ = {isa = PBXBuildFile; fileRef = 61564C1B59DBCF7E35D071B3 /* QueueView.swift */; };
		56EA31B8738E2B0828584E14 /* KeychainStore.swift in Sources */ = {isa = PBXBuildFile; fileRef = A9DA62671ECF8B9C27AA8947 /* KeychainStore.swift */; };
		5E25110C2C6F2BB024C3BE81 /* AudioRenderer.swift in Sources */ = {isa = PBXBuildFile; fileRef = 218760DB55414E5851E389CE /* AudioRenderer.swift */; };
		7437C374A77C622C0833346E /* SearchView.swift in Sources */ = {isa = PBXBuildFile; fileRef = EE5EC6E22F04C69F48FC16FF /* SearchView.swift */; };
		76A0FBCD808CE4272E6E9FF7 /* CredentialRevision.swift in Sources */ = {isa = PBXBuildFile; fileRef = D958F31D59797780BE73F9F5 /* CredentialRevision.swift */; };
		B4A205276406D7F4468DE96F /* NanyinApp.swift in Sources */ = {isa = PBXBuildFile; fileRef = D16BE0C19B1222A7FFFA360C /* NanyinApp.swift */; };
		B4A7E0B8FA945E0D257077DB /* SpotifyAuth.swift in Sources */ = {isa = PBXBuildFile; fileRef = 3769801C838BE7FD6353F953 /* SpotifyAuth.swift */; };
		B65B50DEC7B998D60E808DE4 /* Theme.swift in Sources */ = {isa = PBXBuildFile; fileRef = 6AE5477026638A4B5FD55C57 /* Theme.swift */; };
		C08063B3487CD8115D817D01 /* HomeView.swift in Sources */ = {isa = PBXBuildFile; fileRef = AA6332196A87845CF96EBF8B /* HomeView.swift */; };
		C480BDD897799A7CF14CBCCC /* NowPlayingManager.swift in Sources */ = {isa = PBXBuildFile; fileRef = 5362EA9DE5C94A675FC10A2A /* NowPlayingManager.swift */; };
		E3147F1FBCE00F908E18C6DA /* PlaylistDetailView.swift in Sources */ = {isa = PBXBuildFile; fileRef = 04B2F003CBEB64EB848C8C21 /* PlaylistDetailView.swift */; };
		EF615432E21E71D8FDC83A84 /* SpotifyConfig.swift in Sources */ = {isa = PBXBuildFile; fileRef = E9E3597C813B3B8DD81E108D /* SpotifyConfig.swift */; };
		EFADA6F87C26753934251814 /* RootView.swift in Sources */ = {isa = PBXBuildFile; fileRef = 0B556474766D52B6DCB11E76 /* RootView.swift */; };
		F54CE14ACD6D048435801071 /* LikeMutation.swift in Sources */ = {isa = PBXBuildFile; fileRef = 2C34D74182C720C41217794B /* LikeMutation.swift */; };
		F9075742F490A3C781517BB4 /* SidebarView.swift in Sources */ = {isa = PBXBuildFile; fileRef = 2639140FEC134E04BA4815ED /* SidebarView.swift */; };
		FBB1CACFEE36F0855B5D4CC4 /* SystemConfiguration.framework in Frameworks */ = {isa = PBXBuildFile; fileRef = 6FB0ED02C7F536E98940B95B /* SystemConfiguration.framework */; };
/* End PBXBuildFile section */

/* Begin PBXFileReference section */
		04B2F003CBEB64EB848C8C21 /* PlaylistDetailView.swift */ = {isa = PBXFileReference; lastKnownFileType = sourcecode.swift; path = PlaylistDetailView.swift; sourceTree = "<group>"; };
		0ABCA0BD4B3997AAFAD3B222 /* TrackListView.swift */ = {isa = PBXFileReference; lastKnownFileType = sourcecode.swift; path = TrackListView.swift; sourceTree = "<group>"; };
		0B556474766D52B6DCB11E76 /* RootView.swift */ = {isa = PBXFileReference; lastKnownFileType = sourcecode.swift; path = RootView.swift; sourceTree = "<group>"; };
		196502AD5E98E680CB17BD1E /* AppModel.swift */ = {isa = PBXFileReference; lastKnownFileType = sourcecode.swift; path = AppModel.swift; sourceTree = "<group>"; };
		218760DB55414E5851E389CE /* AudioRenderer.swift */ = {isa = PBXFileReference; lastKnownFileType = sourcecode.swift; path = AudioRenderer.swift; sourceTree = "<group>"; };
		2639140FEC134E04BA4815ED /* SidebarView.swift */ = {isa = PBXFileReference; lastKnownFileType = sourcecode.swift; path = SidebarView.swift; sourceTree = "<group>"; };
		2C34D74182C720C41217794B /* LikeMutation.swift */ = {isa = PBXFileReference; lastKnownFileType = sourcecode.swift; path = LikeMutation.swift; sourceTree = "<group>"; };
		35BBB8602E40346141A75FC2 /* NanyinCore.swift */ = {isa = PBXFileReference; lastKnownFileType = sourcecode.swift; path = NanyinCore.swift; sourceTree = "<group>"; };
		3769801C838BE7FD6353F953 /* SpotifyAuth.swift */ = {isa = PBXFileReference; lastKnownFileType = sourcecode.swift; path = SpotifyAuth.swift; sourceTree = "<group>"; };
		407D7A1D4B2A09E284C8A895 /* Nanyin.app */ = {isa = PBXFileReference; explicitFileType = wrapper.application; includeInIndex = 0; path = Nanyin.app; sourceTree = BUILT_PRODUCTS_DIR; };
		5362EA9DE5C94A675FC10A2A /* NowPlayingManager.swift */ = {isa = PBXFileReference; lastKnownFileType = sourcecode.swift; path = NowPlayingManager.swift; sourceTree = "<group>"; };
		61564C1B59DBCF7E35D071B3 /* QueueView.swift */ = {isa = PBXFileReference; lastKnownFileType = sourcecode.swift; path = QueueView.swift; sourceTree = "<group>"; };
		63B137ABBBF1D05325A8ED16 /* SpotifyClient.swift */ = {isa = PBXFileReference; lastKnownFileType = sourcecode.swift; path = SpotifyClient.swift; sourceTree = "<group>"; };
		6AE5477026638A4B5FD55C57 /* Theme.swift */ = {isa = PBXFileReference; lastKnownFileType = sourcecode.swift; path = Theme.swift; sourceTree = "<group>"; };
		6FB0ED02C7F536E98940B95B /* SystemConfiguration.framework */ = {isa = PBXFileReference; lastKnownFileType = wrapper.framework; name = SystemConfiguration.framework; path = System/Library/Frameworks/SystemConfiguration.framework; sourceTree = SDKROOT; };
		76BAF3B565A2B4E3EC2BC956 /* Assets.xcassets */ = {isa = PBXFileReference; lastKnownFileType = folder.assetcatalog; path = Assets.xcassets; sourceTree = "<group>"; };
		A1BABB1701DC20C390270DB2 /* ArtistDetailView.swift */ = {isa = PBXFileReference; lastKnownFileType = sourcecode.swift; path = ArtistDetailView.swift; sourceTree = "<group>"; };
		A9DA62671ECF8B9C27AA8947 /* KeychainStore.swift */ = {isa = PBXFileReference; lastKnownFileType = sourcecode.swift; path = KeychainStore.swift; sourceTree = "<group>"; };
		AA6332196A87845CF96EBF8B /* HomeView.swift */ = {isa = PBXFileReference; lastKnownFileType = sourcecode.swift; path = HomeView.swift; sourceTree = "<group>"; };
		C80E837723AE8C7766A7C226 /* PlayerBar.swift */ = {isa = PBXFileReference; lastKnownFileType = sourcecode.swift; path = PlayerBar.swift; sourceTree = "<group>"; };
		D16BE0C19B1222A7FFFA360C /* NanyinApp.swift */ = {isa = PBXFileReference; lastKnownFileType = sourcecode.swift; path = NanyinApp.swift; sourceTree = "<group>"; };
		D958F31D59797780BE73F9F5 /* CredentialRevision.swift */ = {isa = PBXFileReference; lastKnownFileType = sourcecode.swift; path = CredentialRevision.swift; sourceTree = "<group>"; };
		DD9151ECFD94AFE44E6F5E27 /* LoginView.swift */ = {isa = PBXFileReference; lastKnownFileType = sourcecode.swift; path = LoginView.swift; sourceTree = "<group>"; };
		E9E3597C813B3B8DD81E108D /* SpotifyConfig.swift */ = {isa = PBXFileReference; lastKnownFileType = sourcecode.swift; path = SpotifyConfig.swift; sourceTree = "<group>"; };
		EE5EC6E22F04C69F48FC16FF /* SearchView.swift */ = {isa = PBXFileReference; lastKnownFileType = sourcecode.swift; path = SearchView.swift; sourceTree = "<group>"; };
/* End PBXFileReference section */

/* Begin PBXFrameworksBuildPhase section */
		238571447602A0CB4AA19C9B /* Frameworks */ = {
			isa = PBXFrameworksBuildPhase;
			buildActionMask = 2147483647;
			files = (
				FBB1CACFEE36F0855B5D4CC4 /* SystemConfiguration.framework in Frameworks */,
			);
			runOnlyForDeploymentPostprocessing = 0;
		};
/* End PBXFrameworksBuildPhase section */

/* Begin PBXGroup section */
		044243CFFBA21FEF1B6F93F4 /* Core */ = {
			isa = PBXGroup;
			children = (
				D958F31D59797780BE73F9F5 /* CredentialRevision.swift */,
				A9DA62671ECF8B9C27AA8947 /* KeychainStore.swift */,
				35BBB8602E40346141A75FC2 /* NanyinCore.swift */,
				5362EA9DE5C94A675FC10A2A /* NowPlayingManager.swift */,
				3769801C838BE7FD6353F953 /* SpotifyAuth.swift */,
				63B137ABBBF1D05325A8ED16 /* SpotifyClient.swift */,
				E9E3597C813B3B8DD81E108D /* SpotifyConfig.swift */,
			);
			path = Core;
			sourceTree = "<group>";
		};
		0CA71501A50430F445B867B9 /* Products */ = {
			isa = PBXGroup;
			children = (
				407D7A1D4B2A09E284C8A895 /* Nanyin.app */,
			);
			name = Products;
			sourceTree = "<group>";
		};
		2924F003B6BC2588327A0A11 = {
			isa = PBXGroup;
			children = (
				FE85B3A2A69326679E9422B4 /* NanyinApp */,
				3295313B756F0599E0ABC731 /* Frameworks */,
				0CA71501A50430F445B867B9 /* Products */,
			);
			sourceTree = "<group>";
		};
		3295313B756F0599E0ABC731 /* Frameworks */ = {
			isa = PBXGroup;
			children = (
				6FB0ED02C7F536E98940B95B /* SystemConfiguration.framework */,
			);
			name = Frameworks;
			sourceTree = "<group>";
		};
		43746712EB07AF3E0A6B4DBA /* Views */ = {
			isa = PBXGroup;
			children = (
				A1BABB1701DC20C390270DB2 /* ArtistDetailView.swift */,
				AA6332196A87845CF96EBF8B /* HomeView.swift */,
				DD9151ECFD94AFE44E6F5E27 /* LoginView.swift */,
				C80E837723AE8C7766A7C226 /* PlayerBar.swift */,
				04B2F003CBEB64EB848C8C21 /* PlaylistDetailView.swift */,
				61564C1B59DBCF7E35D071B3 /* QueueView.swift */,
				0B556474766D52B6DCB11E76 /* RootView.swift */,
				EE5EC6E22F04C69F48FC16FF /* SearchView.swift */,
				2639140FEC134E04BA4815ED /* SidebarView.swift */,
				6AE5477026638A4B5FD55C57 /* Theme.swift */,
				0ABCA0BD4B3997AAFAD3B222 /* TrackListView.swift */,
			);
			path = Views;
			sourceTree = "<group>";
		};
		D14ABDAFEF0E43EDC8543B89 /* State */ = {
			isa = PBXGroup;
			children = (
				196502AD5E98E680CB17BD1E /* AppModel.swift */,
				2C34D74182C720C41217794B /* LikeMutation.swift */,
			);
			path = State;
			sourceTree = "<group>";
		};
		FE20EAE131182D00019CD5F1 /* Audio */ = {
			isa = PBXGroup;
			children = (
				218760DB55414E5851E389CE /* AudioRenderer.swift */,
			);
			path = Audio;
			sourceTree = "<group>";
		};
		FE85B3A2A69326679E9422B4 /* NanyinApp */ = {
			isa = PBXGroup;
			children = (
				76BAF3B565A2B4E3EC2BC956 /* Assets.xcassets */,
				D16BE0C19B1222A7FFFA360C /* NanyinApp.swift */,
				FE20EAE131182D00019CD5F1 /* Audio */,
				044243CFFBA21FEF1B6F93F4 /* Core */,
				D14ABDAFEF0E43EDC8543B89 /* State */,
				43746712EB07AF3E0A6B4DBA /* Views */,
			);
			path = NanyinApp;
			sourceTree = "<group>";
		};
/* End PBXGroup section */

/* Begin PBXNativeTarget section */
		EC8137181531B268BECC13EB /* Nanyin */ = {
			isa = PBXNativeTarget;
			buildConfigurationList = 80BB329506A741E16E38A3AA /* Build configuration list for PBXNativeTarget "Nanyin" */;
			buildPhases = (
				16516ABD319F52DD89CAFC33 /* Build Rust Core */,
				C9BB1F6E7404395BD9751A2C /* Sources */,
				8AA45472763D92F20B28757D /* Resources */,
				238571447602A0CB4AA19C9B /* Frameworks */,
			);
			buildRules = (
			);
			dependencies = (
			);
			name = Nanyin;
			packageProductDependencies = (
			);
			productName = Nanyin;
			productReference = 407D7A1D4B2A09E284C8A895 /* Nanyin.app */;
			productType = "com.apple.product-type.application";
		};
/* End PBXNativeTarget section */

/* Begin PBXProject section */
		78617FB4077391B15B2334E1 /* Project object */ = {
			isa = PBXProject;
			attributes = {
				BuildIndependentTargetsInParallel = YES;
				LastUpgradeCheck = 1430;
				TargetAttributes = {
					EC8137181531B268BECC13EB = {
						DevelopmentTeam = "";
						ProvisioningStyle = Automatic;
					};
				};
			};
			buildConfigurationList = C432CA6E6E07C4AC667F1171 /* Build configuration list for PBXProject "Nanyin" */;
			developmentRegion = en;
			hasScannedForEncodings = 0;
			knownRegions = (
				Base,
				en,
			);
			mainGroup = 2924F003B6BC2588327A0A11;
			minimizedProjectReferenceProxies = 1;
			preferredProjectObjectVersion = 77;
			productRefGroup = 0CA71501A50430F445B867B9 /* Products */;
			projectDirPath = "";
			projectRoot = "";
			targets = (
				EC8137181531B268BECC13EB /* Nanyin */,
			);
		};
/* End PBXProject section */

/* Begin PBXResourcesBuildPhase section */
		8AA45472763D92F20B28757D /* Resources */ = {
			isa = PBXResourcesBuildPhase;
			buildActionMask = 2147483647;
			files = (
				174C7CDED5FCAFF6647A63D9 /* Assets.xcassets in Resources */,
			);
			runOnlyForDeploymentPostprocessing = 0;
		};
/* End PBXResourcesBuildPhase section */

/* Begin PBXShellScriptBuildPhase section */
		16516ABD319F52DD89CAFC33 /* Build Rust Core */ = {
			isa = PBXShellScriptBuildPhase;
			alwaysOutOfDate = 1;
			buildActionMask = 2147483647;
			files = (
			);
			inputFileListPaths = (
			);
			inputPaths = (
			);
			name = "Build Rust Core";
			outputFileListPaths = (
			);
			outputPaths = (
			);
			runOnlyForDeploymentPostprocessing = 0;
			shellPath = /bin/sh;
			shellScript = "set -e\nexport PATH=\"$HOME/.local/share/mise/shims:$HOME/.cargo/bin:$PATH\"\ncd \"$SRCROOT/rust\"\n./build.sh\n";
		};
/* End PBXShellScriptBuildPhase section */

/* Begin PBXSourcesBuildPhase section */
		C9BB1F6E7404395BD9751A2C /* Sources */ = {
			isa = PBXSourcesBuildPhase;
			buildActionMask = 2147483647;
			files = (
				546CCAB14C2F7992EBE66196 /* AppModel.swift in Sources */,
				1C824AEBA97FE5D6B3A80EE2 /* ArtistDetailView.swift in Sources */,
				5E25110C2C6F2BB024C3BE81 /* AudioRenderer.swift in Sources */,
				76A0FBCD808CE4272E6E9FF7 /* CredentialRevision.swift in Sources */,
				C08063B3487CD8115D817D01 /* HomeView.swift in Sources */,
				56EA31B8738E2B0828584E14 /* KeychainStore.swift in Sources */,
				F54CE14ACD6D048435801071 /* LikeMutation.swift in Sources */,
				2E59FDD89A41153EA44A4C6D /* LoginView.swift in Sources */,
				B4A205276406D7F4468DE96F /* NanyinApp.swift in Sources */,
				4E19435075ABA8781C392919 /* NanyinCore.swift in Sources */,
				C480BDD897799A7CF14CBCCC /* NowPlayingManager.swift in Sources */,
				12DF0C976BBA60272BE36C0C /* PlayerBar.swift in Sources */,
				E3147F1FBCE00F908E18C6DA /* PlaylistDetailView.swift in Sources */,
				5682C32BA41F5DA9D173E728 /* QueueView.swift in Sources */,
				EFADA6F87C26753934251814 /* RootView.swift in Sources */,
				7437C374A77C622C0833346E /* SearchView.swift in Sources */,
				F9075742F490A3C781517BB4 /* SidebarView.swift in Sources */,
				B4A7E0B8FA945E0D257077DB /* SpotifyAuth.swift in Sources */,
				17E0BAB2F9C35F875CAD6ADA /* SpotifyClient.swift in Sources */,
				EF615432E21E71D8FDC83A84 /* SpotifyConfig.swift in Sources */,
				B65B50DEC7B998D60E808DE4 /* Theme.swift in Sources */,
				07B63577FDF07C65ECB1C8F8 /* TrackListView.swift in Sources */,
			);
			runOnlyForDeploymentPostprocessing = 0;
		};
/* End PBXSourcesBuildPhase section */

/* Begin XCBuildConfiguration section */
		08B06A62566BCC6D7B3F33ED /* Debug */ = {
			isa = XCBuildConfiguration;
			buildSettings = {
				ASSETCATALOG_COMPILER_APPICON_NAME = AppIcon;
				COMBINE_HIDPI_IMAGES = YES;
				CURRENT_PROJECT_VERSION = 1;
				ENABLE_HARDENED_RUNTIME = YES;
				GENERATE_INFOPLIST_FILE = YES;
				INFOPLIST_KEY_CFBundleDisplayName = nanyin;
				INFOPLIST_KEY_LSApplicationCategoryType = "public.app-category.music";
				LD_RUNPATH_SEARCH_PATHS = "$(inherited) @executable_path/Frameworks";
				MARKETING_VERSION = 0.1.0;
				OTHER_LDFLAGS = "$(SRCROOT)/build/rust/lib/libnanyin_core.a";
				PRODUCT_BUNDLE_IDENTIFIER = com.nanyin.app;
				PRODUCT_NAME = Nanyin;
				SDKROOT = macosx;
				SWIFT_INCLUDE_PATHS = "$(SRCROOT)/build/rust/include";
			};
			name = Debug;
		};
		2401A1DD41E285E1981AE53B /* Release */ = {
			isa = XCBuildConfiguration;
			buildSettings = {
				ALWAYS_SEARCH_USER_PATHS = NO;
				CLANG_ANALYZER_NONNULL = YES;
				CLANG_ANALYZER_NUMBER_OBJECT_CONVERSION = YES_AGGRESSIVE;
				CLANG_CXX_LANGUAGE_STANDARD = "gnu++14";
				CLANG_CXX_LIBRARY = "libc++";
				CLANG_ENABLE_MODULES = YES;
				CLANG_ENABLE_OBJC_ARC = YES;
				CLANG_ENABLE_OBJC_WEAK = YES;
				CLANG_WARN_BLOCK_CAPTURE_AUTORELEASING = YES;
				CLANG_WARN_BOOL_CONVERSION = YES;
				CLANG_WARN_COMMA = YES;
				CLANG_WARN_CONSTANT_CONVERSION = YES;
				CLANG_WARN_DEPRECATED_OBJC_IMPLEMENTATIONS = YES;
				CLANG_WARN_DIRECT_OBJC_ISA_USAGE = YES_ERROR;
				CLANG_WARN_DOCUMENTATION_COMMENTS = YES;
				CLANG_WARN_EMPTY_BODY = YES;
				CLANG_WARN_ENUM_CONVERSION = YES;
				CLANG_WARN_INFINITE_RECURSION = YES;
				CLANG_WARN_INT_CONVERSION = YES;
				CLANG_WARN_NON_LITERAL_NULL_CONVERSION = YES;
				CLANG_WARN_OBJC_IMPLICIT_RETAIN_SELF = YES;
				CLANG_WARN_OBJC_LITERAL_CONVERSION = YES;
				CLANG_WARN_OBJC_ROOT_CLASS = YES_ERROR;
				CLANG_WARN_QUOTED_INCLUDE_IN_FRAMEWORK_HEADER = YES;
				CLANG_WARN_RANGE_LOOP_ANALYSIS = YES;
				CLANG_WARN_STRICT_PROTOTYPES = YES;
				CLANG_WARN_SUSPICIOUS_MOVE = YES;
				CLANG_WARN_UNGUARDED_AVAILABILITY = YES_AGGRESSIVE;
				CLANG_WARN_UNREACHABLE_CODE = YES;
				CLANG_WARN__DUPLICATE_METHOD_MATCH = YES;
				CODE_SIGNING_ALLOWED = NO;
				CODE_SIGN_STYLE = Automatic;
				COPY_PHASE_STRIP = NO;
				DEBUG_INFORMATION_FORMAT = "dwarf-with-dsym";
				DEVELOPMENT_TEAM = "";
				ENABLE_NS_ASSERTIONS = NO;
				ENABLE_STRICT_OBJC_MSGSEND = YES;
				GCC_C_LANGUAGE_STANDARD = gnu11;
				GCC_NO_COMMON_BLOCKS = YES;
				GCC_WARN_64_TO_32_BIT_CONVERSION = YES;
				GCC_WARN_ABOUT_RETURN_TYPE = YES_ERROR;
				GCC_WARN_UNDECLARED_SELECTOR = YES;
				GCC_WARN_UNINITIALIZED_AUTOS = YES_AGGRESSIVE;
				GCC_WARN_UNUSED_FUNCTION = YES;
				GCC_WARN_UNUSED_VARIABLE = YES;
				MACOSX_DEPLOYMENT_TARGET = 15.0;
				MTL_ENABLE_DEBUG_INFO = NO;
				MTL_FAST_MATH = YES;
				PRODUCT_NAME = "$(TARGET_NAME)";
				SDKROOT = macosx;
				SWIFT_COMPILATION_MODE = wholemodule;
				SWIFT_OPTIMIZATION_LEVEL = "-O";
				SWIFT_VERSION = 5.10;
			};
			name = Release;
		};
		9EC7FF9D4FC3E2E3F4CCB7A7 /* Release */ = {
			isa = XCBuildConfiguration;
			buildSettings = {
				ASSETCATALOG_COMPILER_APPICON_NAME = AppIcon;
				COMBINE_HIDPI_IMAGES = YES;
				CURRENT_PROJECT_VERSION = 1;
				ENABLE_HARDENED_RUNTIME = YES;
				GENERATE_INFOPLIST_FILE = YES;
				INFOPLIST_KEY_CFBundleDisplayName = nanyin;
				INFOPLIST_KEY_LSApplicationCategoryType = "public.app-category.music";
				LD_RUNPATH_SEARCH_PATHS = "$(inherited) @executable_path/Frameworks";
				MARKETING_VERSION = 0.1.0;
				OTHER_LDFLAGS = "$(SRCROOT)/build/rust/lib/libnanyin_core.a";
				PRODUCT_BUNDLE_IDENTIFIER = com.nanyin.app;
				PRODUCT_NAME = Nanyin;
				SDKROOT = macosx;
				SWIFT_INCLUDE_PATHS = "$(SRCROOT)/build/rust/include";
			};
			name = Release;
		};
		FC8863C2289C67CDD790E16D /* Debug */ = {
			isa = XCBuildConfiguration;
			buildSettings = {
				ALWAYS_SEARCH_USER_PATHS = NO;
				CLANG_ANALYZER_NONNULL = YES;
				CLANG_ANALYZER_NUMBER_OBJECT_CONVERSION = YES_AGGRESSIVE;
				CLANG_CXX_LANGUAGE_STANDARD = "gnu++14";
				CLANG_CXX_LIBRARY = "libc++";
				CLANG_ENABLE_MODULES = YES;
				CLANG_ENABLE_OBJC_ARC = YES;
				CLANG_ENABLE_OBJC_WEAK = YES;
				CLANG_WARN_BLOCK_CAPTURE_AUTORELEASING = YES;
				CLANG_WARN_BOOL_CONVERSION = YES;
				CLANG_WARN_COMMA = YES;
				CLANG_WARN_CONSTANT_CONVERSION = YES;
				CLANG_WARN_DEPRECATED_OBJC_IMPLEMENTATIONS = YES;
				CLANG_WARN_DIRECT_OBJC_ISA_USAGE = YES_ERROR;
				CLANG_WARN_DOCUMENTATION_COMMENTS = YES;
				CLANG_WARN_EMPTY_BODY = YES;
				CLANG_WARN_ENUM_CONVERSION = YES;
				CLANG_WARN_INFINITE_RECURSION = YES;
				CLANG_WARN_INT_CONVERSION = YES;
				CLANG_WARN_NON_LITERAL_NULL_CONVERSION = YES;
				CLANG_WARN_OBJC_IMPLICIT_RETAIN_SELF = YES;
				CLANG_WARN_OBJC_LITERAL_CONVERSION = YES;
				CLANG_WARN_OBJC_ROOT_CLASS = YES_ERROR;
				CLANG_WARN_QUOTED_INCLUDE_IN_FRAMEWORK_HEADER = YES;
				CLANG_WARN_RANGE_LOOP_ANALYSIS = YES;
				CLANG_WARN_STRICT_PROTOTYPES = YES;
				CLANG_WARN_SUSPICIOUS_MOVE = YES;
				CLANG_WARN_UNGUARDED_AVAILABILITY = YES_AGGRESSIVE;
				CLANG_WARN_UNREACHABLE_CODE = YES;
				CLANG_WARN__DUPLICATE_METHOD_MATCH = YES;
				CODE_SIGNING_ALLOWED = NO;
				CODE_SIGN_STYLE = Automatic;
				COPY_PHASE_STRIP = NO;
				DEBUG_INFORMATION_FORMAT = dwarf;
				DEVELOPMENT_TEAM = "";
				ENABLE_STRICT_OBJC_MSGSEND = YES;
				ENABLE_TESTABILITY = YES;
				GCC_C_LANGUAGE_STANDARD = gnu11;
				GCC_DYNAMIC_NO_PIC = NO;
				GCC_NO_COMMON_BLOCKS = YES;
				GCC_OPTIMIZATION_LEVEL = 0;
				GCC_PREPROCESSOR_DEFINITIONS = (
					"$(inherited)",
					"DEBUG=1",
				);
				GCC_WARN_64_TO_32_BIT_CONVERSION = YES;
				GCC_WARN_ABOUT_RETURN_TYPE = YES_ERROR;
				GCC_WARN_UNDECLARED_SELECTOR = YES;
				GCC_WARN_UNINITIALIZED_AUTOS = YES_AGGRESSIVE;
				GCC_WARN_UNUSED_FUNCTION = YES;
				GCC_WARN_UNUSED_VARIABLE = YES;
				MACOSX_DEPLOYMENT_TARGET = 15.0;
				MTL_ENABLE_DEBUG_INFO = INCLUDE_SOURCE;
				MTL_FAST_MATH = YES;
				ONLY_ACTIVE_ARCH = YES;
				PRODUCT_NAME = "$(TARGET_NAME)";
				SDKROOT = macosx;
				SWIFT_ACTIVE_COMPILATION_CONDITIONS = DEBUG;
				SWIFT_OPTIMIZATION_LEVEL = "-Onone";
				SWIFT_VERSION = 5.10;
			};
			name = Debug;
		};
/* End XCBuildConfiguration section */

/* Begin XCConfigurationList section */
		80BB329506A741E16E38A3AA /* Build configuration list for PBXNativeTarget "Nanyin" */ = {
			isa = XCConfigurationList;
			buildConfigurations = (
				08B06A62566BCC6D7B3F33ED /* Debug */,
				9EC7FF9D4FC3E2E3F4CCB7A7 /* Release */,
			);
			defaultConfigurationIsVisible = 0;
			defaultConfigurationName = Debug;
		};
		C432CA6E6E07C4AC667F1171 /* Build configuration list for PBXProject "Nanyin" */ = {
			isa = XCConfigurationList;
			buildConfigurations = (
				FC8863C2289C67CDD790E16D /* Debug */,
				2401A1DD41E285E1981AE53B /* Release */,
			);
			defaultConfigurationIsVisible = 0;
			defaultConfigurationName = Debug;
		};
/* End XCConfigurationList section */
	};
	rootObject = 78617FB4077391B15B2334E1 /* Project object */;
}
